// !$*UTF8*$!
{
	archiveVersion = 1;
	classes = {
	};
	objectVersion = 77;
	objects = {

/* Begin PBXBuildFile section */
		C356BBF5304CF2FF00850E27 /* libMyLIbStaticTrue.a in Frameworks */ = {isa = PBXBuildFile; fileRef = C356BBE7304CF2C500850E27 /* libMyLIbStaticTrue.a */; };
		C356BBF6304CF31200850E27 /* libMyLIbStaticTrue.a in Frameworks */ = {isa = PBXBuildFile; fileRef = C356BBE7304CF2C500850E27 /* libMyLIbStaticTrue.a */; };
		C356BBF9304D7A7400850E27 /* BlackScholesModel.cpp in Sources */ = {isa = PBXBuildFile; fileRef = C356BB4B304CA81200850E27 /* BlackScholesModel.cpp */; };
		C356BBFA304D7A7400850E27 /* CallOption.cpp in Sources */ = {isa = PBXBuildFile; fileRef = C356BB4C304CA81200850E27 /* CallOption.cpp */; };
		C356BBFB304D7A7400850E27 /* chap_7_class_piechart_worldweb.cpp in Sources */ = {isa = PBXBuildFile; fileRef = C356BB4D304CA81200850E27 /* chap_7_class_piechart_worldweb.cpp */; };
		C356BBFC304D7A7400850E27 /* chap_7_classes.cpp in Sources */ = {isa = PBXBuildFile; fileRef = C356BB4E304CA81200850E27 /* chap_7_classes.cpp */; };
		C356BBFD304D7A7400850E27 /* chap_7_classes_ofstream_strings.cpp in Sources */ = {isa = PBXBuildFile; fileRef = C356BB4F304CA81200850E27 /* chap_7_classes_ofstream_strings.cpp */; };
		C356BBFE304D7A7400850E27 /* chap_7_solutions_to_exercises.cpp in Sources */ = {isa = PBXBuildFile; fileRef = C356BB50304CA81200850E27 /* chap_7_solutions_to_exercises.cpp */; };
		C356BBFF304D7A7400850E27 /* charts.cpp in Sources */ = {isa = PBXBuildFile; fileRef = C356BB51304CA81200850E27 /* charts.cpp */; };
		C356BC00304D7A7400850E27 /* derivatives.cpp in Sources */ = {isa = PBXBuildFile; fileRef = C356BB52304CA81200850E27 /* derivatives.cpp */; };
		C356BC01304D7A7400850E27 /* geometry.cpp in Sources */ = {isa = PBXBuildFile; fileRef = C356BB53304CA81200850E27 /* geometry.cpp */; };
		C356BC02304D7A7400850E27 /* LineChart.cpp in Sources */ = {isa = PBXBuildFile; fileRef = C356BB54304CA81200850E27 /* LineChart.cpp */; };
		C356BC03304D7A7400850E27 /* matlib.cpp in Sources */ = {isa = PBXBuildFile; fileRef = C356BB56304CA81200850E27 /* matlib.cpp */; };
		C356BC04304D7A7400850E27 /* MonteCarloPricer.cpp in Sources */ = {isa = PBXBuildFile; fileRef = C356BB57304CA81200850E27 /* MonteCarloPricer.cpp */; };
		C356BC05304D7A7400850E27 /* PieChart.cpp in Sources */ = {isa = PBXBuildFile; fileRef = C356BB58304CA81200850E27 /* PieChart.cpp */; };
		C356BC06304D7A7400850E27 /* Polynomial.cpp in Sources */ = {isa = PBXBuildFile; fileRef = C356BB59304CA81200850E27 /* Polynomial.cpp */; };
		C356BC07304D7A7400850E27 /* PutOption.cpp in Sources */ = {isa = PBXBuildFile; fileRef = C356BB5A304CA81200850E27 /* PutOption.cpp */; };
		C356BC08304D7A7400850E27 /* testing.cpp in Sources */ = {isa = PBXBuildFile; fileRef = C356BB5B304CA81200850E27 /* testing.cpp */; };
		C356BC1C3052079900850E27 /* DigitalCallOption.cpp in Sources */ = {isa = PBXBuildFile; fileRef = C356BC1B3052079900850E27 /* DigitalCallOption.cpp */; };
		C356BC1D3052079900850E27 /* DigitalCallOption.hpp in Headers */ = {isa = PBXBuildFile; fileRef = C356BC1A3052079900850E27 /* DigitalCallOption.hpp */; };
/* End PBXBuildFile section */

/* Begin PBXContainerItemProxy section */
		C356BBF3304CF2F600850E27 /* PBXContainerItemProxy */ = {
			isa = PBXContainerItemProxy;
			containerPortal = C325E0472DDE62AB008A275E /* Project object */;
			proxyType = 1;
			remoteGlobalIDString = C356BBE6304CF2C500850E27;
			remoteInfo = MyLIbStaticTrue;
		};
		C356BBF7304CF31200850E27 /* PBXContainerItemProxy */ = {
			isa = PBXContainerItemProxy;
			containerPortal = C325E0472DDE62AB008A275E /* Project object */;
			proxyType = 1;
			remoteGlobalIDString = C356BBE6304CF2C500850E27;
			remoteInfo = MyLIbStaticTrue;
		};
/* End PBXContainerItemProxy section */

/* Begin PBXCopyFilesBuildPhase section */
		C356BBAC304CE88A00850E27 /* CopyFiles */ = {
			isa = PBXCopyFilesBuildPhase;
			buildActionMask = 2147483647;
			dstPath = /usr/share/man/man1/;
			dstSubfolderSpec = 0;
			files = (
			);
			runOnlyForDeploymentPostprocessing = 1;
		};
		C356BBB7304CEB2F00850E27 /* CopyFiles */ = {
			isa = PBXCopyFilesBuildPhase;
			buildActionMask = 2147483647;
			dstPath = /usr/share/man/man1/;
			dstSubfolderSpec = 0;
			files = (
			);
			runOnlyForDeploymentPostprocessing = 1;
		};
/* End PBXCopyFilesBuildPhase section */

/* Begin PBXFileReference section */
		C356BB4B304CA81200850E27 /* BlackScholesModel.cpp */ = {isa = PBXFileReference; lastKnownFileType = sourcecode.cpp.cpp; path = BlackScholesModel.cpp; sourceTree = "<group>"; };
		C356BB4C304CA81200850E27 /* CallOption.cpp */ = {isa = PBXFileReference; lastKnownFileType = sourcecode.cpp.cpp; path = CallOption.cpp; sourceTree = "<group>"; };
		C356BB4D304CA81200850E27 /* chap_7_class_piechart_worldweb.cpp */ = {isa = PBXFileReference; lastKnownFileType = sourcecode.cpp.cpp; path = chap_7_class_piechart_worldweb.cpp; sourceTree = "<group>"; };
		C356BB4E304CA81200850E27 /* chap_7_classes.cpp */ = {isa = PBXFileReference; lastKnownFileType = sourcecode.cpp.cpp; path = chap_7_classes.cpp; sourceTree = "<group>"; };
		C356BB4F304CA81200850E27 /* chap_7_classes_ofstream_strings.cpp */ = {isa = PBXFileReference; lastKnownFileType = sourcecode.cpp.cpp; path = chap_7_classes_ofstream_strings.cpp; sourceTree = "<group>"; };
		C356BB50304CA81200850E27 /* chap_7_solutions_to_exercises.cpp */ = {isa = PBXFileReference; lastKnownFileType = sourcecode.cpp.cpp; path = chap_7_solutions_to_exercises.cpp; sourceTree = "<group>"; };
		C356BB51304CA81200850E27 /* charts.cpp */ = {isa = PBXFileReference; lastKnownFileType = sourcecode.cpp.cpp; path = charts.cpp; sourceTree = "<group>"; };
		C356BB52304CA81200850E27 /* derivatives.cpp */ = {isa = PBXFileReference; lastKnownFileType = sourcecode.cpp.cpp; path = derivatives.cpp; sourceTree = "<group>"; };
		C356BB53304CA81200850E27 /* geometry.cpp */ = {isa = PBXFileReference; lastKnownFileType = sourcecode.cpp.cpp; path = geometry.cpp; sourceTree = "<group>"; };
		C356BB54304CA81200850E27 /* LineChart.cpp */ = {isa = PBXFileReference; lastKnownFileType = sourcecode.cpp.cpp; path = LineChart.cpp; sourceTree = "<group>"; };
		C356BB56304CA81200850E27 /* matlib.cpp */ = {isa = PBXFileReference; lastKnownFileType = sourcecode.cpp.cpp; path = matlib.cpp; sourceTree = "<group>"; };
		C356BB57304CA81200850E27 /* MonteCarloPricer.cpp */ = {isa = PBXFileReference; lastKnownFileType = sourcecode.cpp.cpp; path = MonteCarloPricer.cpp; sourceTree = "<group>"; };
		C356BB58304CA81200850E27 /* PieChart.cpp */ = {isa = PBXFileReference; lastKnownFileType = sourcecode.cpp.cpp; path = PieChart.cpp; sourceTree = "<group>"; };
		C356BB59304CA81200850E27 /* Polynomial.cpp */ = {isa = PBXFileReference; lastKnownFileType = sourcecode.cpp.cpp; path = Polynomial.cpp; sourceTree = "<group>"; };
		C356BB5A304CA81200850E27 /* PutOption.cpp */ = {isa = PBXFileReference; lastKnownFileType = sourcecode.cpp.cpp; path = PutOption.cpp; sourceTree = "<group>"; };
		C356BB5B304CA81200850E27 /* testing.cpp */ = {isa = PBXFileReference; lastKnownFileType = sourcecode.cpp.cpp; path = testing.cpp; sourceTree = "<group>"; };
		C356BB6F304CA87E00850E27 /* BlackScholesModel.hpp */ = {isa = PBXFileReference; lastKnownFileType = sourcecode.cpp.h; path = BlackScholesModel.hpp; sourceTree = "<group>"; };
		C356BB70304CA87E00850E27 /* CallOption.hpp */ = {isa = PBXFileReference; lastKnownFileType = sourcecode.cpp.h; path = CallOption.hpp; sourceTree = "<group>"; };
		C356BB71304CA87E00850E27 /* chap_7_class_piechart_worldweb.hpp */ = {isa = PBXFileReference; lastKnownFileType = sourcecode.cpp.h; path = chap_7_class_piechart_worldweb.hpp; sourceTree = "<group>"; };
		C356BB72304CA87E00850E27 /* chap_7_classes.hpp */ = {isa = PBXFileReference; lastKnownFileType = sourcecode.cpp.h; path = chap_7_classes.hpp; sourceTree = "<group>"; };
		C356BB73304CA87E00850E27 /* chap_7_classes_ofstream_strings.hpp */ = {isa = PBXFileReference; lastKnownFileType = sourcecode.cpp.h; path = chap_7_classes_ofstream_strings.hpp; sourceTree = "<group>"; };
		C356BB74304CA87E00850E27 /* chap_7_solutions_to_exercises.hpp */ = {isa = PBXFileReference; lastKnownFileType = sourcecode.cpp.h; path = chap_7_solutions_to_exercises.hpp; sourceTree = "<group>"; };
		C356BB75304CA87E00850E27 /* charts.h */ = {isa = PBXFileReference; lastKnownFileType = sourcecode.c.h; path = charts.h; sourceTree = "<group>"; };
		C356BB76304CA87E00850E27 /* derivatives.hpp */ = {isa = PBXFileReference; lastKnownFileType = sourcecode.cpp.h; path = derivatives.hpp; sourceTree = "<group>"; };
		C356BB77304CA87E00850E27 /* geometry.hpp */ = {isa = PBXFileReference; lastKnownFileType = sourcecode.cpp.h; path = geometry.hpp; sourceTree = "<group>"; };
		C356BB78304CA87E00850E27 /* LineChart.hpp */ = {isa = PBXFileReference; lastKnownFileType = sourcecode.cpp.h; path = LineChart.hpp; sourceTree = "<group>"; };
		C356BB79304CA87E00850E27 /* matlib.h */ = {isa = PBXFileReference; lastKnownFileType = sourcecode.c.h; path = matlib.h; sourceTree = "<group>"; };
		C356BB7A304CA87E00850E27 /* MonteCarloPricer.hpp */ = {isa = PBXFileReference; lastKnownFileType = sourcecode.cpp.h; path = MonteCarloPricer.hpp; sourceTree = "<group>"; };
		C356BB7B304CA87E00850E27 /* PathIndependentOption.hpp */ = {isa = PBXFileReference; lastKnownFileType = sourcecode.cpp.h; path = PathIndependentOption.hpp; sourceTree = "<group>"; };
		C356BB7C304CA87E00850E27 /* PieChart.hpp */ = {isa = PBXFileReference; lastKnownFileType = sourcecode.cpp.h; path = PieChart.hpp; sourceTree = "<group>"; };
		C356BB7D304CA87E00850E27 /* Polynomial.hpp */ = {isa = PBXFileReference; lastKnownFileType = sourcecode.cpp.h; path = Polynomial.hpp; sourceTree = "<group>"; };
		C356BB7E304CA87E00850E27 /* PutOption.hpp */ = {isa = PBXFileReference; lastKnownFileType = sourcecode.cpp.h; path = PutOption.hpp; sourceTree = "<group>"; };
		C356BB7F304CA87E00850E27 /* stdafx.h */ = {isa = PBXFileReference; lastKnownFileType = sourcecode.c.h; path = stdafx.h; sourceTree = "<group>"; };
		C356BB82304CA87E00850E27 /* MyLib.xcodeproj */ = {isa = PBXFileReference; lastKnownFileType = "wrapper.pb-project"; path = MyLib.xcodeproj; sourceTree = "<group>"; };
		C356BB83304CA87E00850E27 /* histogram_visualization_Simulated_S.ipynb */ = {isa = PBXFileReference; lastKnownFileType = text; path = histogram_visualization_Simulated_S.ipynb; sourceTree = "<group>"; };
		C356BBAE304CE88A00850E27 /* MyTests */ = {isa = PBXFileReference; explicitFileType = "compiled.mach-o.executable"; includeInIndex = 0; path = MyTests; sourceTree = BUILT_PRODUCTS_DIR; };
		C356BBB9304CEB2F00850E27 /* MyApp */ = {isa = PBXFileReference; explicitFileType = "compiled.mach-o.executable"; includeInIndex = 0; path = MyApp; sourceTree = BUILT_PRODUCTS_DIR; };
		C356BBE7304CF2C500850E27 /* libMyLIbStaticTrue.a */ = {isa = PBXFileReference; explicitFileType = archive.ar; includeInIndex = 0; path = libMyLIbStaticTrue.a; sourceTree = BUILT_PRODUCTS_DIR; };
		C356BC1A3052079900850E27 /* DigitalCallOption.hpp */ = {isa = PBXFileReference; lastKnownFileType = sourcecode.cpp.h; path = DigitalCallOption.hpp; sourceTree = "<group>"; };
		C356BC1B3052079900850E27 /* DigitalCallOption.cpp */ = {isa = PBXFileReference; lastKnownFileType = sourcecode.cpp.cpp; path = DigitalCallOption.cpp; sourceTree = "<group>"; };
/* End PBXFileReference section */

/* Begin PBXFileSystemSynchronizedRootGroup section */
		C325E0972DE88FC1008A275E /* output */ = {
			isa = PBXFileSystemSynchronizedRootGroup;
			path = output;
			sourceTree = "<group>";
		};
		C356BBAF304CE88A00850E27 /* MyTests */ = {
			isa = PBXFileSystemSynchronizedRootGroup;
			path = MyTests;
			sourceTree = "<group>";
		};
		C356BBBA304CEB2F00850E27 /* MyApp */ = {
			isa = PBXFileSystemSynchronizedRootGroup;
			path = MyApp;
			sourceTree = "<group>";
		};
		C356BBE8304CF2C500850E27 /* MyLIbStaticTrue */ = {
			isa = PBXFileSystemSynchronizedRootGroup;
			path = MyLIbStaticTrue;
			sourceTree = "<group>";
		};
/* End PBXFileSystemSynchronizedRootGroup section */

/* Begin PBXFrameworksBuildPhase section */
		C356BBAB304CE88A00850E27 /* Frameworks */ = {
			isa = PBXFrameworksBuildPhase;
			buildActionMask = 2147483647;
			files = (
				C356BBF6304CF31200850E27 /* libMyLIbStaticTrue.a in Frameworks */,
			);
			runOnlyForDeploymentPostprocessing = 0;
		};
		C356BBB6304CEB2F00850E27 /* Frameworks */ = {
			isa = PBXFrameworksBuildPhase;
			buildActionMask = 2147483647;
			files = (
				C356BBF5304CF2FF00850E27 /* libMyLIbStaticTrue.a in Frameworks */,
			);
			runOnlyForDeploymentPostprocessing = 0;
		};
		C356BBE5304CF2C500850E27 /* Frameworks */ = {
			isa = PBXFrameworksBuildPhase;
			buildActionMask = 2147483647;
			files = (
			);
			runOnlyForDeploymentPostprocessing = 0;
		};
/* End PBXFrameworksBuildPhase section */

/* Begin PBXGroup section */
		C325E0462DDE62AB008A275E = {
			isa = PBXGroup;
			children = (
				C325E0972DE88FC1008A275E /* output */,
				C356BBAF304CE88A00850E27 /* MyTests */,
				C356BBBA304CEB2F00850E27 /* MyApp */,
				C356BBE8304CF2C500850E27 /* MyLIbStaticTrue */,
				C325E0502DDE62AB008A275E /* Products */,
				C356BB5C304CA81200850E27 /* src */,
				C356BB81304CA87E00850E27 /* include */,
				C356BB82304CA87E00850E27 /* MyLib.xcodeproj */,
				C356BB84304CA87E00850E27 /* notebooks */,
				C356BB85304CA87E00850E27 /* notes */,
				C356BBE1304CF17C00850E27 /* Frameworks */,
			);
			sourceTree = "<group>";
		};
		C325E0502DDE62AB008A275E /* Products */ = {
			isa = PBXGroup;
			children = (
				C356BBAE304CE88A00850E27 /* MyTests */,
				C356BBB9304CEB2F00850E27 /* MyApp */,
				C356BBE7304CF2C500850E27 /* libMyLIbStaticTrue.a */,
			);
			name = Products;
			sourceTree = "<group>";
		};
		C356BB5C304CA81200850E27 /* src */ = {
			isa = PBXGroup;
			children = (
				C356BB4B304CA81200850E27 /* BlackScholesModel.cpp */,
				C356BB4C304CA81200850E27 /* CallOption.cpp */,
				C356BB4D304CA81200850E27 /* chap_7_class_piechart_worldweb.cpp */,
				C356BB4E304CA81200850E27 /* chap_7_classes.cpp */,
				C356BB4F304CA81200850E27 /* chap_7_classes_ofstream_strings.cpp */,
				C356BB50304CA81200850E27 /* chap_7_solutions_to_exercises.cpp */,
				C356BB51304CA81200850E27 /* charts.cpp */,
				C356BB52304CA81200850E27 /* derivatives.cpp */,
				C356BB53304CA81200850E27 /* geometry.cpp */,
				C356BB54304CA81200850E27 /* LineChart.cpp */,
				C356BB56304CA81200850E27 /* matlib.cpp */,
				C356BB57304CA81200850E27 /* MonteCarloPricer.cpp */,
				C356BB58304CA81200850E27 /* PieChart.cpp */,
				C356BC1B3052079900850E27 /* DigitalCallOption.cpp */,
				C356BB5B304CA81200850E27 /* testing.cpp */,
				C356BB59304CA81200850E27 /* Polynomial.cpp */,
				C356BB5A304CA81200850E27 /* PutOption.cpp */,
			);
			path = src;
			sourceTree = "<group>";
		};
		C356BB81304CA87E00850E27 /* include */ = {
			isa = PBXGroup;
			children = (
				C356BB6F304CA87E00850E27 /* BlackScholesModel.hpp */,
				C356BB70304CA87E00850E27 /* CallOption.hpp */,
				C356BB71304CA87E00850E27 /* chap_7_class_piechart_worldweb.hpp */,
				C356BB72304CA87E00850E27 /* chap_7_classes.hpp */,
				C356BB73304CA87E00850E27 /* chap_7_classes_ofstream_strings.hpp */,
				C356BC1A3052079900850E27 /* DigitalCallOption.hpp */,
				C356BB74304CA87E00850E27 /* chap_7_solutions_to_exercises.hpp */,
				C356BB75304CA87E00850E27 /* charts.h */,
				C356BB76304CA87E00850E27 /* derivatives.hpp */,
				C356BB77304CA87E00850E27 /* geometry.hpp */,
				C356BB78304CA87E00850E27 /* LineChart.hpp */,
				C356BB79304CA87E00850E27 /* matlib.h */,
				C356BB7A304CA87E00850E27 /* MonteCarloPricer.hpp */,
				C356BB7B304CA87E00850E27 /* PathIndependentOption.hpp */,
				C356BB7C304CA87E00850E27 /* PieChart.hpp */,
				C356BB7D304CA87E00850E27 /* Polynomial.hpp */,
				C356BB7E304CA87E00850E27 /* PutOption.hpp */,
				C356BB7F304CA87E00850E27 /* stdafx.h */,
			);
			path = include;
			sourceTree = "<group>";
		};
		C356BB84304CA87E00850E27 /* notebooks */ = {
			isa = PBXGroup;
			children = (
				C356BB83304CA87E00850E27 /* histogram_visualization_Simulated_S.ipynb */,
			);
			path = notebooks;
			sourceTree = "<group>";
		};
		C356BB85304CA87E00850E27 /* notes */ = {
			isa = PBXGroup;
			children = (
			);
			path = notes;
			sourceTree = "<group>";
		};
		C356BB86304CA87E00850E27 /* Products */ = {
			isa = PBXGroup;
			name = Products;
			sourceTree = "<group>";
		};
		C356BBE1304CF17C00850E27 /* Frameworks */ = {
			isa = PBXGroup;
			children = (
			);
			name = Frameworks;
			sourceTree = "<group>";
		};
/* End PBXGroup section */

/* Begin PBXHeadersBuildPhase section */
		C356BBE3304CF2C500850E27 /* Headers */ = {
			isa = PBXHeadersBuildPhase;
			buildActionMask = 2147483647;
			files = (
				C356BC1D3052079900850E27 /* DigitalCallOption.hpp in Headers */,
			);
			runOnlyForDeploymentPostprocessing = 0;
		};
/* End PBXHeadersBuildPhase section */

/* Begin PBXNativeTarget section */
		C356BBAD304CE88A00850E27 /* MyTests */ = {
			isa = PBXNativeTarget;
			buildConfigurationList = C356BBB2304CE88A00850E27 /* Build configuration list for PBXNativeTarget "MyTests" */;
			buildPhases = (
				C356BBAA304CE88A00850E27 /* Sources */,
				C356BBAB304CE88A00850E27 /* Frameworks */,
				C356BBAC304CE88A00850E27 /* CopyFiles */,
			);
			buildRules = (
			);
			dependencies = (
				C356BBF8304CF31200850E27 /* PBXTargetDependency */,
			);
			fileSystemSynchronizedGroups = (
				C356BBAF304CE88A00850E27 /* MyTests */,
			);
			name = MyTests;
			packageProductDependencies = (
			);
			productName = MyTests;
			productReference = C356BBAE304CE88A00850E27 /* MyTests */;
			productType = "com.apple.product-type.tool";
		};
		C356BBB8304CEB2F00850E27 /* MyApp */ = {
			isa = PBXNativeTarget;
			buildConfigurationList = C356BBBD304CEB2F00850E27 /* Build configuration list for PBXNativeTarget "MyApp" */;
			buildPhases = (
				C356BBB5304CEB2F00850E27 /* Sources */,
				C356BBB6304CEB2F00850E27 /* Frameworks */,
				C356BBB7304CEB2F00850E27 /* CopyFiles */,
			);
			buildRules = (
			);
			dependencies = (
				C356BBF4304CF2F600850E27 /* PBXTargetDependency */,
			);
			fileSystemSynchronizedGroups = (
				C356BBBA304CEB2F00850E27 /* MyApp */,
			);
			name = MyApp;
			packageProductDependencies = (
			);
			productName = MyApp;
			productReference = C356BBB9304CEB2F00850E27 /* MyApp */;
			productType = "com.apple.product-type.tool";
		};
		C356BBE6304CF2C500850E27 /* MyLIbStaticTrue */ = {
			isa = PBXNativeTarget;
			buildConfigurationList = C356BBED304CF2C500850E27 /* Build configuration list for PBXNativeTarget "MyLIbStaticTrue" */;
			buildPhases = (
				C356BBE3304CF2C500850E27 /* Headers */,
				C356BBE4304CF2C500850E27 /* Sources */,
				C356BBE5304CF2C500850E27 /* Frameworks */,
			);
			buildRules = (
			);
			dependencies = (
			);
			fileSystemSynchronizedGroups = (
				C356BBE8304CF2C500850E27 /* MyLIbStaticTrue */,
			);
			name = MyLIbStaticTrue;
			packageProductDependencies = (
			);
			productName = MyLIbStaticTrue;
			productReference = C356BBE7304CF2C500850E27 /* libMyLIbStaticTrue.a */;
			productType = "com.apple.product-type.library.static";
		};
/* End PBXNativeTarget section */

/* Begin PBXProject section */
		C325E0472DDE62AB008A275E /* Project object */ = {
			isa = PBXProject;
			attributes = {
				BuildIndependentTargetsInParallel = 1;
				LastUpgradeCheck = 2600;
				TargetAttributes = {
					C356BBAD304CE88A00850E27 = {
						CreatedOnToolsVersion = 26.0.1;
					};
					C356BBB8304CEB2F00850E27 = {
						CreatedOnToolsVersion = 26.0.1;
					};
					C356BBE6304CF2C500850E27 = {
						CreatedOnToolsVersion = 26.0.1;
					};
				};
			};
			buildConfigurationList = C325E04A2DDE62AB008A275E /* Build configuration list for PBXProject "MyLib" */;
			developmentRegion = en;
			hasScannedForEncodings = 0;
			knownRegions = (
				en,
				Base,
			);
			mainGroup = C325E0462DDE62AB008A275E;
			minimizedProjectReferenceProxies = 1;
			preferredProjectObjectVersion = 77;
			productRefGroup = C325E0502DDE62AB008A275E /* Products */;
			projectDirPath = "";
			projectReferences = (
				{
					ProductGroup = C356BB86304CA87E00850E27 /* Products */;
					ProjectRef = C356BB82304CA87E00850E27 /* MyLib.xcodeproj */;
				},
			);
			projectRoot = "";
			targets = (
				C356BBAD304CE88A00850E27 /* MyTests */,
				C356BBB8304CEB2F00850E27 /* MyApp */,
				C356BBE6304CF2C500850E27 /* MyLIbStaticTrue */,
			);
		};
/* End PBXProject section */

/* Begin PBXSourcesBuildPhase section */
		C356BBAA304CE88A00850E27 /* Sources */ = {
			isa = PBXSourcesBuildPhase;
			buildActionMask = 2147483647;
			files = (
			);
			runOnlyForDeploymentPostprocessing = 0;
		};
		C356BBB5304CEB2F00850E27 /* Sources */ = {
			isa = PBXSourcesBuildPhase;
			buildActionMask = 2147483647;
			files = (
			);
			runOnlyForDeploymentPostprocessing = 0;
		};
		C356BBE4304CF2C500850E27 /* Sources */ = {
			isa = PBXSourcesBuildPhase;
			buildActionMask = 2147483647;
			files = (
				C356BBF9304D7A7400850E27 /* BlackScholesModel.cpp in Sources */,
				C356BBFA304D7A7400850E27 /* CallOption.cpp in Sources */,
				C356BBFB304D7A7400850E27 /* chap_7_class_piechart_worldweb.cpp in Sources */,
				C356BBFC304D7A7400850E27 /* chap_7_classes.cpp in Sources */,
				C356BBFD304D7A7400850E27 /* chap_7_classes_ofstream_strings.cpp in Sources */,
				C356BC1C3052079900850E27 /* DigitalCallOption.cpp in Sources */,
				C356BBFE304D7A7400850E27 /* chap_7_solutions_to_exercises.cpp in Sources */,
				C356BBFF304D7A7400850E27 /* charts.cpp in Sources */,
				C356BC00304D7A7400850E27 /* derivatives.cpp in Sources */,
				C356BC01304D7A7400850E27 /* geometry.cpp in Sources */,
				C356BC02304D7A7400850E27 /* LineChart.cpp in Sources */,
				C356BC03304D7A7400850E27 /* matlib.cpp in Sources */,
				C356BC04304D7A7400850E27 /* MonteCarloPricer.cpp in Sources */,
				C356BC05304D7A7400850E27 /* PieChart.cpp in Sources */,
				C356BC06304D7A7400850E27 /* Polynomial.cpp in Sources */,
				C356BC07304D7A7400850E27 /* PutOption.cpp in Sources */,
				C356BC08304D7A7400850E27 /* testing.cpp in Sources */,
			);
			runOnlyForDeploymentPostprocessing = 0;
		};
/* End PBXSourcesBuildPhase section */

/* Begin PBXTargetDependency section */
		C356BBF4304CF2F600850E27 /* PBXTargetDependency */ = {
			isa = PBXTargetDependency;
			target = C356BBE6304CF2C500850E27 /* MyLIbStaticTrue */;
			targetProxy = C356BBF3304CF2F600850E27 /* PBXContainerItemProxy */;
		};
		C356BBF8304CF31200850E27 /* PBXTargetDependency */ = {
			isa = PBXTargetDependency;
			target = C356BBE6304CF2C500850E27 /* MyLIbStaticTrue */;
			targetProxy = C356BBF7304CF31200850E27 /* PBXContainerItemProxy */;
		};
/* End PBXTargetDependency section */

/* Begin XCBuildConfiguration section */
		C325E0542DDE62AB008A275E /* Debug */ = {
			isa = XCBuildConfiguration;
			buildSettings = {
				ALWAYS_SEARCH_USER_PATHS = NO;
				ASSETCATALOG_COMPILER_GENERATE_SWIFT_ASSET_SYMBOL_EXTENSIONS = YES;
				CLANG_ANALYZER_NONNULL = YES;
				CLANG_ANALYZER_NUMBER_OBJECT_CONVERSION = YES_AGGRESSIVE;
				CLANG_CXX_LANGUAGE_STANDARD = "gnu++20";
				CLANG_ENABLE_MODULES = YES;
				CLANG_ENABLE_OBJC_ARC = YES;
				CLANG_ENABLE_OBJC_WEAK = YES;
				CLANG_WARN_BLOCK_CAPTURE_AUTORELEASING = YES;
				CLANG_WARN_BOOL_CONVERSION = YES;
				CLANG_WARN_COMMA = YES;
				CLANG_WARN_CONSTANT_CONVERSION = YES;
				CLANG_WARN_DEPRECATED_OBJC_IMPLEMENTATIONS = YES;
				CLANG_WARN_DIRECT_OBJC_ISA_USAGE = YES_ERROR;
				CLANG_WARN_DOCUMENTATION_COMMENTS = YES;
				CLANG_WARN_EMPTY_BODY = YES;
				CLANG_WARN_ENUM_CONVERSION = YES;
				CLANG_WARN_INFINITE_RECURSION = YES;
				CLANG_WARN_INT_CONVERSION = YES;
				CLANG_WARN_NON_LITERAL_NULL_CONVERSION = YES;
				CLANG_WARN_OBJC_IMPLICIT_RETAIN_SELF = YES;
				CLANG_WARN_OBJC_LITERAL_CONVERSION = YES;
				CLANG_WARN_OBJC_ROOT_CLASS = YES_ERROR;
				CLANG_WARN_QUOTED_INCLUDE_IN_FRAMEWORK_HEADER = YES;
				CLANG_WARN_RANGE_LOOP_ANALYSIS = YES;
				CLANG_WARN_STRICT_PROTOTYPES = YES;
				CLANG_WARN_SUSPICIOUS_MOVE = YES;
				CLANG_WARN_UNGUARDED_AVAILABILITY = YES_AGGRESSIVE;
				CLANG_WARN_UNREACHABLE_CODE = YES;
				CLANG_WARN__DUPLICATE_METHOD_MATCH = YES;
				COPY_PHASE_STRIP = NO;
				DEAD_CODE_STRIPPING = YES;
				DEBUG_INFORMATION_FORMAT = dwarf;
				ENABLE_STRICT_OBJC_MSGSEND = YES;
				ENABLE_TESTABILITY = YES;
				ENABLE_USER_SCRIPT_SANDBOXING = YES;
				GCC_C_LANGUAGE_STANDARD = gnu17;
				GCC_DYNAMIC_NO_PIC = NO;
				GCC_NO_COMMON_BLOCKS = YES;
				GCC_OPTIMIZATION_LEVEL = 0;
				GCC_PREPROCESSOR_DEFINITIONS = (
					"DEBUG=1",
					"$(inherited)",
				);
				GCC_WARN_64_TO_32_BIT_CONVERSION = YES;
				GCC_WARN_ABOUT_RETURN_TYPE = YES_ERROR;
				GCC_WARN_UNDECLARED_SELECTOR = YES;
				GCC_WARN_UNINITIALIZED_AUTOS = YES_AGGRESSIVE;
				GCC_WARN_UNUSED_FUNCTION = YES;
				GCC_WARN_UNUSED_VARIABLE = YES;
				"HEADER_SEARCH_PATHS[arch=*]" = "$(PROJECT_DIR)/include";
				LOCALIZATION_PREFERS_STRING_CATALOGS = YES;
				MACOSX_DEPLOYMENT_TARGET = 15.4;
				MTL_ENABLE_DEBUG_INFO = INCLUDE_SOURCE;
				MTL_FAST_MATH = YES;
				ONLY_ACTIVE_ARCH = YES;
				SDKROOT = macosx;
				STRING_CATALOG_GENERATE_SYMBOLS = YES;
			};
			name = Debug;
		};
		C325E0552DDE62AB008A275E /* Release */ = {
			isa = XCBuildConfiguration;
			buildSettings = {
				ALWAYS_SEARCH_USER_PATHS = NO;
				ASSETCATALOG_COMPILER_GENERATE_SWIFT_ASSET_SYMBOL_EXTENSIONS = YES;
				CLANG_ANALYZER_NONNULL = YES;
				CLANG_ANALYZER_NUMBER_OBJECT_CONVERSION = YES_AGGRESSIVE;
				CLANG_CXX_LANGUAGE_STANDARD = "gnu++20";
				CLANG_ENABLE_MODULES = YES;
				CLANG_ENABLE_OBJC_ARC = YES;
				CLANG_ENABLE_OBJC_WEAK = YES;
				CLANG_WARN_BLOCK_CAPTURE_AUTORELEASING = YES;
				CLANG_WARN_BOOL_CONVERSION = YES;
				CLANG_WARN_COMMA = YES;
				CLANG_WARN_CONSTANT_CONVERSION = YES;
				CLANG_WARN_DEPRECATED_OBJC_IMPLEMENTATIONS = YES;
				CLANG_WARN_DIRECT_OBJC_ISA_USAGE = YES_ERROR;
				CLANG_WARN_DOCUMENTATION_COMMENTS = YES;
				CLANG_WARN_EMPTY_BODY = YES;
				CLANG_WARN_ENUM_CONVERSION = YES;
				CLANG_WARN_INFINITE_RECURSION = YES;
				CLANG_WARN_INT_CONVERSION = YES;
				CLANG_WARN_NON_LITERAL_NULL_CONVERSION = YES;
				CLANG_WARN_OBJC_IMPLICIT_RETAIN_SELF = YES;
				CLANG_WARN_OBJC_LITERAL_CONVERSION = YES;
				CLANG_WARN_OBJC_ROOT_CLASS = YES_ERROR;
				CLANG_WARN_QUOTED_INCLUDE_IN_FRAMEWORK_HEADER = YES;
				CLANG_WARN_RANGE_LOOP_ANALYSIS = YES;
				CLANG_WARN_STRICT_PROTOTYPES = YES;
				CLANG_WARN_SUSPICIOUS_MOVE = YES;
				CLANG_WARN_UNGUARDED_AVAILABILITY = YES_AGGRESSIVE;
				CLANG_WARN_UNREACHABLE_CODE = YES;
				CLANG_WARN__DUPLICATE_METHOD_MATCH = YES;
				COPY_PHASE_STRIP = NO;
				DEAD_CODE_STRIPPING = YES;
				DEBUG_INFORMATION_FORMAT = "dwarf-with-dsym";
				ENABLE_NS_ASSERTIONS = NO;
				ENABLE_STRICT_OBJC_MSGSEND = YES;
				ENABLE_USER_SCRIPT_SANDBOXING = YES;
				GCC_C_LANGUAGE_STANDARD = gnu17;
				GCC_NO_COMMON_BLOCKS = YES;
				GCC_WARN_64_TO_32_BIT_CONVERSION = YES;
				GCC_WARN_ABOUT_RETURN_TYPE = YES_ERROR;
				GCC_WARN_UNDECLARED_SELECTOR = YES;
				GCC_WARN_UNINITIALIZED_AUTOS = YES_AGGRESSIVE;
				GCC_WARN_UNUSED_FUNCTION = YES;
				GCC_WARN_UNUSED_VARIABLE = YES;
				"HEADER_SEARCH_PATHS[arch=*]" = "$(PROJECT_DIR)/include";
				LOCALIZATION_PREFERS_STRING_CATALOGS = YES;
				MACOSX_DEPLOYMENT_TARGET = 15.4;
				MTL_ENABLE_DEBUG_INFO = NO;
				MTL_FAST_MATH = YES;
				SDKROOT = macosx;
				STRING_CATALOG_GENERATE_SYMBOLS = YES;
			};
			name = Release;
		};
		C356BBB3304CE88A00850E27 /* Debug */ = {
			isa = XCBuildConfiguration;
			buildSettings = {
				CODE_SIGN_STYLE = Automatic;
				MACOSX_DEPLOYMENT_TARGET = 26.0;
				PRODUCT_NAME = "$(TARGET_NAME)";
			};
			name = Debug;
		};
		C356BBB4304CE88A00850E27 /* Release */ = {
			isa = XCBuildConfiguration;
			buildSettings = {
				CODE_SIGN_STYLE = Automatic;
				MACOSX_DEPLOYMENT_TARGET = 26.0;
				PRODUCT_NAME = "$(TARGET_NAME)";
			};
			name = Release;
		};
		C356BBBE304CEB2F00850E27 /* Debug */ = {
			isa = XCBuildConfiguration;
			buildSettings = {
				CODE_SIGN_STYLE = Automatic;
				MACOSX_DEPLOYMENT_TARGET = 26.0;
				PRODUCT_NAME = "$(TARGET_NAME)";
			};
			name = Debug;
		};
		C356BBBF304CEB2F00850E27 /* Release */ = {
			isa = XCBuildConfiguration;
			buildSettings = {
				CODE_SIGN_STYLE = Automatic;
				MACOSX_DEPLOYMENT_TARGET = 26.0;
				PRODUCT_NAME = "$(TARGET_NAME)";
			};
			name = Release;
		};
		C356BBEE304CF2C500850E27 /* Debug */ = {
			isa = XCBuildConfiguration;
			buildSettings = {
				CODE_SIGN_STYLE = Automatic;
				EXECUTABLE_PREFIX = lib;
				MACOSX_DEPLOYMENT_TARGET = 26.0;
				PRODUCT_NAME = "$(TARGET_NAME)";
				SKIP_INSTALL = YES;
			};
			name = Debug;
		};
		C356BBEF304CF2C500850E27 /* Release */ = {
			isa = XCBuildConfiguration;
			buildSettings = {
				CODE_SIGN_STYLE = Automatic;
				EXECUTABLE_PREFIX = lib;
				MACOSX_DEPLOYMENT_TARGET = 26.0;
				PRODUCT_NAME = "$(TARGET_NAME)";
				SKIP_INSTALL = YES;
			};
			name = Release;
		};
/* End XCBuildConfiguration section */

/* Begin XCConfigurationList section */
		C325E04A2DDE62AB008A275E /* Build configuration list for PBXProject "MyLib" */ = {
			isa = XCConfigurationList;
			buildConfigurations = (
				C325E0542DDE62AB008A275E /* Debug */,
				C325E0552DDE62AB008A275E /* Release */,
			);
			defaultConfigurationIsVisible = 0;
			defaultConfigurationName = Release;
		};
		C356BBB2304CE88A00850E27 /* Build configuration list for PBXNativeTarget "MyTests" */ = {
			isa = XCConfigurationList;
			buildConfigurations = (
				C356BBB3304CE88A00850E27 /* Debug */,
				C356BBB4304CE88A00850E27 /* Release */,
			);
			defaultConfigurationIsVisible = 0;
			defaultConfigurationName = Release;
		};
		C356BBBD304CEB2F00850E27 /* Build configuration list for PBXNativeTarget "MyApp" */ = {
			isa = XCConfigurationList;
			buildConfigurations = (
				C356BBBE304CEB2F00850E27 /* Debug */,
				C356BBBF304CEB2F00850E27 /* Release */,
			);
			defaultConfigurationIsVisible = 0;
			defaultConfigurationName = Release;
		};
		C356BBED304CF2C500850E27 /* Build configuration list for PBXNativeTarget "MyLIbStaticTrue" */ = {
			isa = XCConfigurationList;
			buildConfigurations = (
				C356BBEE304CF2C500850E27 /* Debug */,
				C356BBEF304CF2C500850E27 /* Release */,
			);
			defaultConfigurationIsVisible = 0;
			defaultConfigurationName = Release;
		};
/* End XCConfigurationList section */
	};
	rootObject = C325E0472DDE62AB008A275E /* Project object */;
}
