// !$*UTF8*$!
{
	archiveVersion = 1;
	classes = {
	};
	objectVersion = 46;
	objects = {

/* Begin PBXBuildFile section */
		AC180F7E1D3E8A52009AE6D4 /* BlackScholesModel.cpp in Sources */ = {isa = PBXBuildFile; fileRef = AC180F701D3E8A52009AE6D4 /* BlackScholesModel.cpp */; };
		AC180F7F1D3E8A52009AE6D4 /* CallOption.cpp in Sources */ = {isa = PBXBuildFile; fileRef = AC180F721D3E8A52009AE6D4 /* CallOption.cpp */; };
		AC180F801D3E8A52009AE6D4 /* geometry.cpp in Sources */ = {isa = PBXBuildFile; fileRef = AC180F741D3E8A52009AE6D4 /* geometry.cpp */; };
		AC180F811D3E8A52009AE6D4 /* main.cpp in Sources */ = {isa = PBXBuildFile; fileRef = AC180F761D3E8A52009AE6D4 /* main.cpp */; };
		AC180F821D3E8A52009AE6D4 /* matlib.cpp in Sources */ = {isa = PBXBuildFile; fileRef = AC180F771D3E8A52009AE6D4 /* matlib.cpp */; };
		AC180F831D3E8A52009AE6D4 /* PieChart.cpp in Sources */ = {isa = PBXBuildFile; fileRef = AC180F791D3E8A52009AE6D4 /* PieChart.cpp */; };
		AC180F841D3E8A52009AE6D4 /* testing.cpp in Sources */ = {isa = PBXBuildFile; fileRef = AC180F7C1D3E8A52009AE6D4 /* testing.cpp */; };
/* End PBXBuildFile section */

/* Begin PBXCopyFilesBuildPhase section */
		AC5F9B621D3E7592003689AA /* CopyFiles */ = {
			isa = PBXCopyFilesBuildPhase;
			buildActionMask = 2147483647;
			dstPath = /usr/share/man/man1/;
			dstSubfolderSpec = 0;
			files = (
			);
			runOnlyForDeploymentPostprocessing = 1;
		};
/* End PBXCopyFilesBuildPhase section */

/* Begin PBXFileReference section */
		AC180F701D3E8A52009AE6D4 /* BlackScholesModel.cpp */ = {isa = PBXFileReference; fileEncoding = 4; lastKnownFileType = sourcecode.cpp.cpp; path = BlackScholesModel.cpp; sourceTree = "<group>"; };
		AC180F711D3E8A52009AE6D4 /* BlackScholesModel.h */ = {isa = PBXFileReference; fileEncoding = 4; lastKnownFileType = sourcecode.c.h; path = BlackScholesModel.h; sourceTree = "<group>"; };
		AC180F721D3E8A52009AE6D4 /* CallOption.cpp */ = {isa = PBXFileReference; fileEncoding = 4; lastKnownFileType = sourcecode.cpp.cpp; path = CallOption.cpp; sourceTree = "<group>"; };
		AC180F731D3E8A52009AE6D4 /* CallOption.h */ = {isa = PBXFileReference; fileEncoding = 4; lastKnownFileType = sourcecode.c.h; path = CallOption.h; sourceTree = "<group>"; };
		AC180F741D3E8A52009AE6D4 /* geometry.cpp */ = {isa = PBXFileReference; fileEncoding = 4; lastKnownFileType = sourcecode.cpp.cpp; path = geometry.cpp; sourceTree = "<group>"; };
		AC180F751D3E8A52009AE6D4 /* geometry.h */ = {isa = PBXFileReference; fileEncoding = 4; lastKnownFileType = sourcecode.c.h; path = geometry.h; sourceTree = "<group>"; };
		AC180F761D3E8A52009AE6D4 /* main.cpp */ = {isa = PBXFileReference; fileEncoding = 4; lastKnownFileType = sourcecode.cpp.cpp; path = main.cpp; sourceTree = "<group>"; };
		AC180F771D3E8A52009AE6D4 /* matlib.cpp */ = {isa = PBXFileReference; fileEncoding = 4; lastKnownFileType = sourcecode.cpp.cpp; path = matlib.cpp; sourceTree = "<group>"; };
		AC180F781D3E8A52009AE6D4 /* matlib.h */ = {isa = PBXFileReference; fileEncoding = 4; lastKnownFileType = sourcecode.c.h; path = matlib.h; sourceTree = "<group>"; };
		AC180F791D3E8A52009AE6D4 /* PieChart.cpp */ = {isa = PBXFileReference; fileEncoding = 4; lastKnownFileType = sourcecode.cpp.cpp; path = PieChart.cpp; sourceTree = "<group>"; };
		AC180F7A1D3E8A52009AE6D4 /* PieChart.h */ = {isa = PBXFileReference; fileEncoding = 4; lastKnownFileType = sourcecode.c.h; path = PieChart.h; sourceTree = "<group>"; };
		AC180F7B1D3E8A52009AE6D4 /* stdafx.h */ = {isa = PBXFileReference; fileEncoding = 4; lastKnownFileType = sourcecode.c.h; path = stdafx.h; sourceTree = "<group>"; };
		AC180F7C1D3E8A52009AE6D4 /* testing.cpp */ = {isa = PBXFileReference; fileEncoding = 4; lastKnownFileType = sourcecode.cpp.cpp; path = testing.cpp; sourceTree = "<group>"; };
		AC180F7D1D3E8A52009AE6D4 /* testing.h */ = {isa = PBXFileReference; fileEncoding = 4; lastKnownFileType = sourcecode.c.h; path = testing.h; sourceTree = "<group>"; };
		AC5F9B641D3E7592003689AA /* FMLib */ = {isa = PBXFileReference; explicitFileType = "compiled.mach-o.executable"; includeInIndex = 0; path = FMLib; sourceTree = BUILT_PRODUCTS_DIR; };
/* End PBXFileReference section */

/* Begin PBXFrameworksBuildPhase section */
		AC5F9B611D3E7592003689AA /* Frameworks */ = {
			isa = PBXFrameworksBuildPhase;
			buildActionMask = 2147483647;
			files = (
			);
			runOnlyForDeploymentPostprocessing = 0;
		};
/* End PBXFrameworksBuildPhase section */

/* Begin PBXGroup section */
		AC5F9B5B1D3E7592003689AA = {
			isa = PBXGroup;
			children = (
				AC5F9B661D3E7592003689AA /* FMLib */,
				AC5F9B651D3E7592003689AA /* Products */,
			);
			sourceTree = "<group>";
		};
		AC5F9B651D3E7592003689AA /* Products */ = {
			isa = PBXGroup;
			children = (
				AC5F9B641D3E7592003689AA /* FMLib */,
			);
			name = Products;
			sourceTree = "<group>";
		};
		AC5F9B661D3E7592003689AA /* FMLib */ = {
			isa = PBXGroup;
			children = (
				AC180F701D3E8A52009AE6D4 /* BlackScholesModel.cpp */,
				AC180F711D3E8A52009AE6D4 /* BlackScholesModel.h */,
				AC180F721D3E8A52009AE6D4 /* CallOption.cpp */,
				AC180F731D3E8A52009AE6D4 /* CallOption.h */,
				AC180F741D3E8A52009AE6D4 /* geometry.cpp */,
				AC180F751D3E8A52009AE6D4 /* geometry.h */,
				AC180F761D3E8A52009AE6D4 /* main.cpp */,
				AC180F771D3E8A52009AE6D4 /* matlib.cpp */,
				AC180F781D3E8A52009AE6D4 /* matlib.h */,
				AC180F791D3E8A52009AE6D4 /* PieChart.cpp */,
				AC180F7A1D3E8A52009AE6D4 /* PieChart.h */,
				AC180F7B1D3E8A52009AE6D4 /* stdafx.h */,
				AC180F7C1D3E8A52009AE6D4 /* testing.cpp */,
				AC180F7D1D3E8A52009AE6D4 /* testing.h */,
			);
			path = FMLib;
			sourceTree = "<group>";
		};
/* End PBXGroup section */

/* Begin PBXNativeTarget section */
		AC5F9B631D3E7592003689AA /* FMLib */ = {
			isa = PBXNativeTarget;
			buildConfigurationList = AC5F9B6B1D3E7592003689AA /* Build configuration list for PBXNativeTarget "FMLib" */;
			buildPhases = (
				AC5F9B601D3E7592003689AA /* Sources */,
				AC5F9B611D3E7592003689AA /* Frameworks */,
				AC5F9B621D3E7592003689AA /* CopyFiles */,
			);
			buildRules = (
			);
			dependencies = (
			);
			name = FMLib;
			productName = FMLib;
			productReference = AC5F9B641D3E7592003689AA /* FMLib */;
			productType = "com.apple.product-type.tool";
		};
/* End PBXNativeTarget section */

/* Begin PBXProject section */
		AC5F9B5C1D3E7592003689AA /* Project object */ = {
			isa = PBXProject;
			attributes = {
				LastUpgradeCheck = 0730;
				ORGANIZATIONNAME = "C++ for financial mathematics";
				TargetAttributes = {
					AC5F9B631D3E7592003689AA = {
						CreatedOnToolsVersion = 7.3.1;
					};
				};
			};
			buildConfigurationList = AC5F9B5F1D3E7592003689AA /* Build configuration list for PBXProject "FMLib" */;
			compatibilityVersion = "Xcode 3.2";
			developmentRegion = English;
			hasScannedForEncodings = 0;
			knownRegions = (
				en,
			);
			mainGroup = AC5F9B5B1D3E7592003689AA;
			productRefGroup = AC5F9B651D3E7592003689AA /* Products */;
			projectDirPath = "";
			projectRoot = "";
			targets = (
				AC5F9B631D3E7592003689AA /* FMLib */,
			);
		};
/* End PBXProject section */

/* Begin PBXSourcesBuildPhase section */
		AC5F9B601D3E7592003689AA /* Sources */ = {
			isa = PBXSourcesBuildPhase;
			buildActionMask = 2147483647;
			files = (
				AC180F821D3E8A52009AE6D4 /* matlib.cpp in Sources */,
				AC180F831D3E8A52009AE6D4 /* PieChart.cpp in Sources */,
				AC180F7F1D3E8A52009AE6D4 /* CallOption.cpp in Sources */,
				AC180F841D3E8A52009AE6D4 /* testing.cpp in Sources */,
				AC180F7E1D3E8A52009AE6D4 /* BlackScholesModel.cpp in Sources */,
				AC180F811D3E8A52009AE6D4 /* main.cpp in Sources */,
				AC180F801D3E8A52009AE6D4 /* geometry.cpp in Sources */,
			);
			runOnlyForDeploymentPostprocessing = 0;
		};
/* End PBXSourcesBuildPhase section */

/* Begin XCBuildConfiguration section */
		AC5F9B691D3E7592003689AA /* Debug */ = {
			isa = XCBuildConfiguration;
			buildSettings = {
				ALWAYS_SEARCH_USER_PATHS = NO;
				CLANG_ANALYZER_NONNULL = YES;
				CLANG_CXX_LANGUAGE_STANDARD = "gnu++0x";
				CLANG_CXX_LIBRARY = "libc++";
				CLANG_ENABLE_MODULES = YES;
				CLANG_ENABLE_OBJC_ARC = YES;
				CLANG_WARN_BOOL_CONVERSION = YES;
				CLANG_WARN_CONSTANT_CONVERSION = YES;
				CLANG_WARN_DIRECT_OBJC_ISA_USAGE = YES_ERROR;
				CLANG_WARN_EMPTY_BODY = YES;
				CLANG_WARN_ENUM_CONVERSION = YES;
				CLANG_WARN_INT_CONVERSION = YES;
				CLANG_WARN_OBJC_ROOT_CLASS = YES_ERROR;
				CLANG_WARN_UNREACHABLE_CODE = YES;
				CLANG_WARN__DUPLICATE_METHOD_MATCH = YES;
				CODE_SIGN_IDENTITY = "-";
				COPY_PHASE_STRIP = NO;
				DEBUG_INFORMATION_FORMAT = dwarf;
				ENABLE_STRICT_OBJC_MSGSEND = YES;
				ENABLE_TESTABILITY = YES;
				GCC_C_LANGUAGE_STANDARD = gnu99;
				GCC_DYNAMIC_NO_PIC = NO;
				GCC_NO_COMMON_BLOCKS = YES;
				GCC_OPTIMIZATION_LEVEL = 0;
				GCC_PREPROCESSOR_DEFINITIONS = (
					"DEBUG=1",
					"$(inherited)",
				);
				GCC_WARN_64_TO_32_BIT_CONVERSION = YES;
				GCC_WARN_ABOUT_RETURN_TYPE = YES_ERROR;
				GCC_WARN_UNDECLARED_SELECTOR = YES;
				GCC_WARN_UNINITIALIZED_AUTOS = YES_AGGRESSIVE;
				GCC_WARN_UNUSED_FUNCTION = YES;
				GCC_WARN_UNUSED_VARIABLE = YES;
				MACOSX_DEPLOYMENT_TARGET = 10.11;
				MTL_ENABLE_DEBUG_INFO = YES;
				ONLY_ACTIVE_ARCH = YES;
				SDKROOT = macosx;
			};
			name = Debug;
		};
		AC5F9B6A1D3E7592003689AA /* Release */ = {
			isa = XCBuildConfiguration;
			buildSettings = {
				ALWAYS_SEARCH_USER_PATHS = NO;
				CLANG_ANALYZER_NONNULL = YES;
				CLANG_CXX_LANGUAGE_STANDARD = "gnu++0x";
				CLANG_CXX_LIBRARY = "libc++";
				CLANG_ENABLE_MODULES = YES;
				CLANG_ENABLE_OBJC_ARC = YES;
				CLANG_WARN_BOOL_CONVERSION = YES;
				CLANG_WARN_CONSTANT_CONVERSION = YES;
				CLANG_WARN_DIRECT_OBJC_ISA_USAGE = YES_ERROR;
				CLANG_WARN_EMPTY_BODY = YES;
				CLANG_WARN_ENUM_CONVERSION = YES;
				CLANG_WARN_INT_CONVERSION = YES;
				CLANG_WARN_OBJC_ROOT_CLASS = YES_ERROR;
				CLANG_WARN_UNREACHABLE_CODE = YES;
				CLANG_WARN__DUPLICATE_METHOD_MATCH = YES;
				CODE_SIGN_IDENTITY = "-";
				COPY_PHASE_STRIP = NO;
				DEBUG_INFORMATION_FORMAT = "dwarf-with-dsym";
				ENABLE_NS_ASSERTIONS = NO;
				ENABLE_STRICT_OBJC_MSGSEND = YES;
				GCC_C_LANGUAGE_STANDARD = gnu99;
				GCC_NO_COMMON_BLOCKS = YES;
				GCC_WARN_64_TO_32_BIT_CONVERSION = YES;
				GCC_WARN_ABOUT_RETURN_TYPE = YES_ERROR;
				GCC_WARN_UNDECLARED_SELECTOR = YES;
				GCC_WARN_UNINITIALIZED_AUTOS = YES_AGGRESSIVE;
				GCC_WARN_UNUSED_FUNCTION = YES;
				GCC_WARN_UNUSED_VARIABLE = YES;
				MACOSX_DEPLOYMENT_TARGET = 10.11;
				MTL_ENABLE_DEBUG_INFO = NO;
				SDKROOT = macosx;
			};
			name = Release;
		};
		AC5F9B6C1D3E7592003689AA /* Debug */ = {
			isa = XCBuildConfiguration;
			buildSettings = {
				GCC_TREAT_WARNINGS_AS_ERRORS = YES;
				GCC_WARN_64_TO_32_BIT_CONVERSION = NO;
				PRODUCT_NAME = "$(TARGET_NAME)";
				WARNING_CFLAGS = (
					"-Wno-inconsistent-missing-override",
					"-Wno-unreachable-code",
				);
			};
			name = Debug;
		};
		AC5F9B6D1D3E7592003689AA /* Release */ = {
			isa = XCBuildConfiguration;
			buildSettings = {
				GCC_TREAT_WARNINGS_AS_ERRORS = YES;
				GCC_WARN_64_TO_32_BIT_CONVERSION = NO;
				PRODUCT_NAME = "$(TARGET_NAME)";
				WARNING_CFLAGS = (
					"-Wno-inconsistent-missing-override",
					"-Wno-unreachable-code",
				);
			};
			name = Release;
		};
/* End XCBuildConfiguration section */

/* Begin XCConfigurationList section */
		AC5F9B5F1D3E7592003689AA /* Build configuration list for PBXProject "FMLib" */ = {
			isa = XCConfigurationList;
			buildConfigurations = (
				AC5F9B691D3E7592003689AA /* Debug */,
				AC5F9B6A1D3E7592003689AA /* Release */,
			);
			defaultConfigurationIsVisible = 0;
			defaultConfigurationName = Release;
		};
		AC5F9B6B1D3E7592003689AA /* Build configuration list for PBXNativeTarget "FMLib" */ = {
			isa = XCConfigurationList;
			buildConfigurations = (
				AC5F9B6C1D3E7592003689AA /* Debug */,
				AC5F9B6D1D3E7592003689AA /* Release */,
			);
			defaultConfigurationIsVisible = 0;
			defaultConfigurationName = Release;
		};
/* End XCConfigurationList section */
	};
	rootObject = AC5F9B5C1D3E7592003689AA /* Project object */;
}
